{
  "requires": true,
  "lockfileVersion": 1,
  "dependencies": {
    "save-svg-as-png": {
      "version": "1.4.14",
      "resolved": "https://registry.npmjs.org/save-svg-as-png/-/save-svg-as-png-1.4.14.tgz",
      "integrity": "sha512-hJqOFSdRvhBVD2pQSM+mJStvQGfnvQCCF6ULtAxdjF4lDwXYfWZ9Eug0fcRl05YyPL2yknCDBEOpbO4Fkw5qmg=="
    }
  }
}
